
Microsoft Visual Studio Solution File, Format Version 12.00
# Visual Studio Version 17
VisualStudioVersion = 17.0.32112.339
MinimumVisualStudioVersion = 10.0.40219.1
Project("{FAE04EC0-301F-11D3-BF4B-00C04F79EFBC}") = "Ejemplo3D", "Ejemplo3D.csproj", "{506961A4-D387-41D3-A696-7B4090129AFF}"
EndProject
Global
	GlobalSection(SolutionConfigurationPlatforms) = preSolution
		Debug|Any CPU = Debug|Any CPU
		Release|Any CPU = Release|Any CPU
	EndGlobalSection
	GlobalSection(ProjectConfigurationPlatforms) = postSolution
		{506961A4-D387-41D3-A696-7B4090129AFF}.Debug|Any CPU.ActiveCfg = Debug|Any CPU
		{506961A4-D387-41D3-A696-7B4090129AFF}.Debug|Any CPU.Build.0 = Debug|Any CPU
		{506961A4-D387-41D3-A696-7B4090129AFF}.Release|Any CPU.ActiveCfg = Release|Any CPU
		{506961A4-D387-41D3-A696-7B4090129AFF}.Release|Any CPU.Build.0 = Release|Any CPU
	EndGlobalSection
	GlobalSection(SolutionProperties) = preSolution
		HideSolutionNode = FALSE
	EndGlobalSection
	GlobalSection(ExtensibilityGlobals) = postSolution
		SolutionGuid = {025BB62E-6E1E-45C3-A519-7296E76C40C1}
	EndGlobalSection
EndGlobal
